
Microsoft Visual Studio Solution File, Format Version 12.00
# Visual Studio Version 17
VisualStudioVersion = 17.9.34728.123
MinimumVisualStudioVersion = 10.0.40219.1
Project("{9A19103F-16F7-4668-BE54-9A1E7A4F7556}") = "Bitacora", "Bitacora\Bitacora.csproj", "{128752ED-EF60-4E82-9639-0E0234E46EF5}"
EndProject
Global
	GlobalSection(SolutionConfigurationPlatforms) = preSolution
		Debug|Any CPU = Debug|Any CPU
		Release|Any CPU = Release|Any CPU
	EndGlobalSection
	GlobalSection(ProjectConfigurationPlatforms) = postSolution
		{128752ED-EF60-4E82-9639-0E0234E46EF5}.Debug|Any CPU.ActiveCfg = Debug|Any CPU
		{128752ED-EF60-4E82-9639-0E0234E46EF5}.Debug|Any CPU.Build.0 = Debug|Any CPU
		{128752ED-EF60-4E82-9639-0E0234E46EF5}.Release|Any CPU.ActiveCfg = Release|Any CPU
		{128752ED-EF60-4E82-9639-0E0234E46EF5}.Release|Any CPU.Build.0 = Release|Any CPU
	EndGlobalSection
	GlobalSection(SolutionProperties) = preSolution
		HideSolutionNode = FALSE
	EndGlobalSection
	GlobalSection(ExtensibilityGlobals) = postSolution
		SolutionGuid = {ACE46C8D-C3AC-494A-9280-F5399819D487}
	EndGlobalSection
EndGlobal
